
Microsoft Visual Studio Solution File, Format Version 12.00
# Visual Studio 15
VisualStudioVersion = 15.0.26730.15
MinimumVisualStudioVersion = 10.0.40219.1
Project("{FAE04EC0-301F-11D3-BF4B-00C04F79EFBC}") = "Singleton", "Singleton\Singleton.csproj", "{1BB92688-1107-4D3F-98DC-381DF33BFDC0}"
EndProject
Project("{FAE04EC0-301F-11D3-BF4B-00C04F79EFBC}") = "Singleton.Tests", "Singleton.Tests\Singleton.Tests.csproj", "{D6E4137D-897C-4EC1-A984-8F9916DC8AD3}"
EndProject
Project("{FAE04EC0-301F-11D3-BF4B-00C04F79EFBC}") = "Decorator", "Decorator\Decorator.csproj", "{87BED147-2F72-4F90-A230-1AEF10F502EA}"
EndProject
Project("{FAE04EC0-301F-11D3-BF4B-00C04F79EFBC}") = "Iterator", "Iterator\Iterator.csproj", "{65F8EA34-951D-4862-8799-9CE4426CB1B0}"
EndProject
Project("{FAE04EC0-301F-11D3-BF4B-00C04F79EFBC}") = "Observer", "Observer\Observer.csproj", "{F82E6CBC-DD65-418E-A156-4F4C0E94805D}"
EndProject
Project("{FAE04EC0-301F-11D3-BF4B-00C04F79EFBC}") = "Repository", "Repository\Repository.csproj", "{E13EFDFB-AA36-433C-B133-2ABF04AE3B7F}"
EndProject
Global
	GlobalSection(SolutionConfigurationPlatforms) = preSolution
		Debug|Any CPU = Debug|Any CPU
		Release|Any CPU = Release|Any CPU
	EndGlobalSection
	GlobalSection(ProjectConfigurationPlatforms) = postSolution
		{1BB92688-1107-4D3F-98DC-381DF33BFDC0}.Debug|Any CPU.ActiveCfg = Debug|Any CPU
		{1BB92688-1107-4D3F-98DC-381DF33BFDC0}.Debug|Any CPU.Build.0 = Debug|Any CPU
		{1BB92688-1107-4D3F-98DC-381DF33BFDC0}.Release|Any CPU.ActiveCfg = Release|Any CPU
		{1BB92688-1107-4D3F-98DC-381DF33BFDC0}.Release|Any CPU.Build.0 = Release|Any CPU
		{D6E4137D-897C-4EC1-A984-8F9916DC8AD3}.Debug|Any CPU.ActiveCfg = Debug|Any CPU
		{D6E4137D-897C-4EC1-A984-8F9916DC8AD3}.Debug|Any CPU.Build.0 = Debug|Any CPU
		{D6E4137D-897C-4EC1-A984-8F9916DC8AD3}.Release|Any CPU.ActiveCfg = Release|Any CPU
		{D6E4137D-897C-4EC1-A984-8F9916DC8AD3}.Release|Any CPU.Build.0 = Release|Any CPU
		{87BED147-2F72-4F90-A230-1AEF10F502EA}.Debug|Any CPU.ActiveCfg = Debug|Any CPU
		{87BED147-2F72-4F90-A230-1AEF10F502EA}.Debug|Any CPU.Build.0 = Debug|Any CPU
		{87BED147-2F72-4F90-A230-1AEF10F502EA}.Release|Any CPU.ActiveCfg = Release|Any CPU
		{87BED147-2F72-4F90-A230-1AEF10F502EA}.Release|Any CPU.Build.0 = Release|Any CPU
		{65F8EA34-951D-4862-8799-9CE4426CB1B0}.Debug|Any CPU.ActiveCfg = Debug|Any CPU
		{65F8EA34-951D-4862-8799-9CE4426CB1B0}.Debug|Any CPU.Build.0 = Debug|Any CPU
		{65F8EA34-951D-4862-8799-9CE4426CB1B0}.Release|Any CPU.ActiveCfg = Release|Any CPU
		{65F8EA34-951D-4862-8799-9CE4426CB1B0}.Release|Any CPU.Build.0 = Release|Any CPU
		{F82E6CBC-DD65-418E-A156-4F4C0E94805D}.Debug|Any CPU.ActiveCfg = Debug|Any CPU
		{F82E6CBC-DD65-418E-A156-4F4C0E94805D}.Debug|Any CPU.Build.0 = Debug|Any CPU
		{F82E6CBC-DD65-418E-A156-4F4C0E94805D}.Release|Any CPU.ActiveCfg = Release|Any CPU
		{F82E6CBC-DD65-418E-A156-4F4C0E94805D}.Release|Any CPU.Build.0 = Release|Any CPU
		{E13EFDFB-AA36-433C-B133-2ABF04AE3B7F}.Debug|Any CPU.ActiveCfg = Debug|Any CPU
		{E13EFDFB-AA36-433C-B133-2ABF04AE3B7F}.Debug|Any CPU.Build.0 = Debug|Any CPU
		{E13EFDFB-AA36-433C-B133-2ABF04AE3B7F}.Release|Any CPU.ActiveCfg = Release|Any CPU
		{E13EFDFB-AA36-433C-B133-2ABF04AE3B7F}.Release|Any CPU.Build.0 = Release|Any CPU
	EndGlobalSection
	GlobalSection(SolutionProperties) = preSolution
		HideSolutionNode = FALSE
	EndGlobalSection
	GlobalSection(ExtensibilityGlobals) = postSolution
		SolutionGuid = {46A23886-DAB8-45CE-AB77-70C20E19C788}
	EndGlobalSection
EndGlobal
